// !$*UTF8*$!
{
	archiveVersion = 1;
	classes = {
	};
	objectVersion = 50;
	objects = {

/* Begin PBXBuildFile section */
		417D66E72504970C00FA19BA /* AppDelegate.swift in Sources */ = {isa = PBXBuildFile; fileRef = 417D66E62504970C00FA19BA /* AppDelegate.swift */; };
		417D66E92504970C00FA19BA /* SceneDelegate.swift in Sources */ = {isa = PBXBuildFile; fileRef = 417D66E82504970C00FA19BA /* SceneDelegate.swift */; };
		417D66EB2504970C00FA19BA /* ViewController.swift in Sources */ = {isa = PBXBuildFile; fileRef = 417D66EA2504970C00FA19BA /* ViewController.swift */; };
		417D66EE2504970C00FA19BA /* Main.storyboard in Resources */ = {isa = PBXBuildFile; fileRef = 417D66EC2504970C00FA19BA /* Main.storyboard */; };
		417D66F02504970E00FA19BA /* Assets.xcassets in Resources */ = {isa = PBXBuildFile; fileRef = 417D66EF2504970E00FA19BA /* Assets.xcassets */; };
		417D66F32504970E00FA19BA /* LaunchScreen.storyboard in Resources */ = {isa = PBXBuildFile; fileRef = 417D66F12504970E00FA19BA /* LaunchScreen.storyboard */; };
		417D66FE2504970F00FA19BA /* MentorBookTests.swift in Sources */ = {isa = PBXBuildFile; fileRef = 417D66FD2504970F00FA19BA /* MentorBookTests.swift */; };
		417D67092504970F00FA19BA /* MentorBookUITests.swift in Sources */ = {isa = PBXBuildFile; fileRef = 417D67082504970F00FA19BA /* MentorBookUITests.swift */; };
/* End PBXBuildFile section */

/* Begin PBXContainerItemProxy section */
		417D66FA2504970F00FA19BA /* PBXContainerItemProxy */ = {
			isa = PBXContainerItemProxy;
			containerPortal = 417D66DB2504970C00FA19BA /* Project object */;
			proxyType = 1;
			remoteGlobalIDString = 417D66E22504970C00FA19BA;
			remoteInfo = MentorBook;
		};
		417D67052504970F00FA19BA /* PBXContainerItemProxy */ = {
			isa = PBXContainerItemProxy;
			containerPortal = 417D66DB2504970C00FA19BA /* Project object */;
			proxyType = 1;
			remoteGlobalIDString = 417D66E22504970C00FA19BA;
			remoteInfo = MentorBook;
		};
/* End PBXContainerItemProxy section */

/* Begin PBXFileReference section */
		417D66E32504970C00FA19BA /* MentorBook.app */ = {isa = PBXFileReference; explicitFileType = wrapper.application; includeInIndex = 0; path = MentorBook.app; sourceTree = BUILT_PRODUCTS_DIR; };
		417D66E62504970C00FA19BA /* AppDelegate.swift */ = {isa = PBXFileReference; lastKnownFileType = sourcecode.swift; path = AppDelegate.swift; sourceTree = "<group>"; };
		417D66E82504970C00FA19BA /* SceneDelegate.swift */ = {isa = PBXFileReference; lastKnownFileType = sourcecode.swift; path = SceneDelegate.swift; sourceTree = "<group>"; };
		417D66EA2504970C00FA19BA /* ViewController.swift */ = {isa = PBXFileReference; lastKnownFileType = sourcecode.swift; path = ViewController.swift; sourceTree = "<group>"; };
		417D66ED2504970C00FA19BA /* Base */ = {isa = PBXFileReference; lastKnownFileType = file.storyboard; name = Base; path = Base.lproj/Main.storyboard; sourceTree = "<group>"; };
		417D66EF2504970E00FA19BA /* Assets.xcassets */ = {isa = PBXFileReference; lastKnownFileType = folder.assetcatalog; path = Assets.xcassets; sourceTree = "<group>"; };
		417D66F22504970E00FA19BA /* Base */ = {isa = PBXFileReference; lastKnownFileType = file.storyboard; name = Base; path = Base.lproj/LaunchScreen.storyboard; sourceTree = "<group>"; };
		417D66F42504970E00FA19BA /* Info.plist */ = {isa = PBXFileReference; lastKnownFileType = text.plist.xml; path = Info.plist; sourceTree = "<group>"; };
		417D66F92504970F00FA19BA /* MentorBookTests.xctest */ = {isa = PBXFileReference; explicitFileType = wrapper.cfbundle; includeInIndex = 0; path = MentorBookTests.xctest; sourceTree = BUILT_PRODUCTS_DIR; };
		417D66FD2504970F00FA19BA /* MentorBookTests.swift */ = {isa = PBXFileReference; lastKnownFileType = sourcecode.swift; path = MentorBookTests.swift; sourceTree = "<group>"; };
		417D66FF2504970F00FA19BA /* Info.plist */ = {isa = PBXFileReference; lastKnownFileType = text.plist.xml; path = Info.plist; sourceTree = "<group>"; };
		417D67042504970F00FA19BA /* MentorBookUITests.xctest */ = {isa = PBXFileReference; explicitFileType = wrapper.cfbundle; includeInIndex = 0; path = MentorBookUITests.xctest; sourceTree = BUILT_PRODUCTS_DIR; };
		417D67082504970F00FA19BA /* MentorBookUITests.swift */ = {isa = PBXFileReference; lastKnownFileType = sourcecode.swift; path = MentorBookUITests.swift; sourceTree = "<group>"; };
		417D670A2504970F00FA19BA /* Info.plist */ = {isa = PBXFileReference; lastKnownFileType = text.plist.xml; path = Info.plist; sourceTree = "<group>"; };
/* End PBXFileReference section */

/* Begin PBXFrameworksBuildPhase section */
		417D66E02504970C00FA19BA /* Frameworks */ = {
			isa = PBXFrameworksBuildPhase;
			buildActionMask = 2147483647;
			files = (
			);
			runOnlyForDeploymentPostprocessing = 0;
		};
		417D66F62504970F00FA19BA /* Frameworks */ = {
			isa = PBXFrameworksBuildPhase;
			buildActionMask = 2147483647;
			files = (
			);
			runOnlyForDeploymentPostprocessing = 0;
		};
		417D67012504970F00FA19BA /* Frameworks */ = {
			isa = PBXFrameworksBuildPhase;
			buildActionMask = 2147483647;
			files = (
			);
			runOnlyForDeploymentPostprocessing = 0;
		};
/* End PBXFrameworksBuildPhase section */

/* Begin PBXGroup section */
		417D66DA2504970C00FA19BA = {
			isa = PBXGroup;
			children = (
				417D66E52504970C00FA19BA /* MentorBook */,
				417D66FC2504970F00FA19BA /* MentorBookTests */,
				417D67072504970F00FA19BA /* MentorBookUITests */,
				417D66E42504970C00FA19BA /* Products */,
			);
			sourceTree = "<group>";
		};
		417D66E42504970C00FA19BA /* Products */ = {
			isa = PBXGroup;
			children = (
				417D66E32504970C00FA19BA /* MentorBook.app */,
				417D66F92504970F00FA19BA /* MentorBookTests.xctest */,
				417D67042504970F00FA19BA /* MentorBookUITests.xctest */,
			);
			name = Products;
			sourceTree = "<group>";
		};
		417D66E52504970C00FA19BA /* MentorBook */ = {
			isa = PBXGroup;
			children = (
				417D66E62504970C00FA19BA /* AppDelegate.swift */,
				417D66E82504970C00FA19BA /* SceneDelegate.swift */,
				417D66EA2504970C00FA19BA /* ViewController.swift */,
				417D66EC2504970C00FA19BA /* Main.storyboard */,
				417D66EF2504970E00FA19BA /* Assets.xcassets */,
				417D66F12504970E00FA19BA /* LaunchScreen.storyboard */,
				417D66F42504970E00FA19BA /* Info.plist */,
			);
			path = MentorBook;
			sourceTree = "<group>";
		};
		417D66FC2504970F00FA19BA /* MentorBookTests */ = {
			isa = PBXGroup;
			children = (
				417D66FD2504970F00FA19BA /* MentorBookTests.swift */,
				417D66FF2504970F00FA19BA /* Info.plist */,
			);
			path = MentorBookTests;
			sourceTree = "<group>";
		};
		417D67072504970F00FA19BA /* MentorBookUITests */ = {
			isa = PBXGroup;
			children = (
				417D67082504970F00FA19BA /* MentorBookUITests.swift */,
				417D670A2504970F00FA19BA /* Info.plist */,
			);
			path = MentorBookUITests;
			sourceTree = "<group>";
		};
/* End PBXGroup section */

/* Begin PBXNativeTarget section */
		417D66E22504970C00FA19BA /* MentorBook */ = {
			isa = PBXNativeTarget;
			buildConfigurationList = 417D670D2504970F00FA19BA /* Build configuration list for PBXNativeTarget "MentorBook" */;
			buildPhases = (
				417D66DF2504970C00FA19BA /* Sources */,
				417D66E02504970C00FA19BA /* Frameworks */,
				417D66E12504970C00FA19BA /* Resources */,
			);
			buildRules = (
			);
			dependencies = (
			);
			name = MentorBook;
			productName = MentorBook;
			productReference = 417D66E32504970C00FA19BA /* MentorBook.app */;
			productType = "com.apple.product-type.application";
		};
		417D66F82504970F00FA19BA /* MentorBookTests */ = {
			isa = PBXNativeTarget;
			buildConfigurationList = 417D67102504970F00FA19BA /* Build configuration list for PBXNativeTarget "MentorBookTests" */;
			buildPhases = (
				417D66F52504970F00FA19BA /* Sources */,
				417D66F62504970F00FA19BA /* Frameworks */,
				417D66F72504970F00FA19BA /* Resources */,
			);
			buildRules = (
			);
			dependencies = (
				417D66FB2504970F00FA19BA /* PBXTargetDependency */,
			);
			name = MentorBookTests;
			productName = MentorBookTests;
			productReference = 417D66F92504970F00FA19BA /* MentorBookTests.xctest */;
			productType = "com.apple.product-type.bundle.unit-test";
		};
		417D67032504970F00FA19BA /* MentorBookUITests */ = {
			isa = PBXNativeTarget;
			buildConfigurationList = 417D67132504970F00FA19BA /* Build configuration list for PBXNativeTarget "MentorBookUITests" */;
			buildPhases = (
				417D67002504970F00FA19BA /* Sources */,
				417D67012504970F00FA19BA /* Frameworks */,
				417D67022504970F00FA19BA /* Resources */,
			);
			buildRules = (
			);
			dependencies = (
				417D67062504970F00FA19BA /* PBXTargetDependency */,
			);
			name = MentorBookUITests;
			productName = MentorBookUITests;
			productReference = 417D67042504970F00FA19BA /* MentorBookUITests.xctest */;
			productType = "com.apple.product-type.bundle.ui-testing";
		};
/* End PBXNativeTarget section */

/* Begin PBXProject section */
		417D66DB2504970C00FA19BA /* Project object */ = {
			isa = PBXProject;
			attributes = {
				LastSwiftUpdateCheck = 1170;
				LastUpgradeCheck = 1170;
				ORGANIZATIONNAME = IdoUmi;
				TargetAttributes = {
					417D66E22504970C00FA19BA = {
						CreatedOnToolsVersion = 11.7;
					};
					417D66F82504970F00FA19BA = {
						CreatedOnToolsVersion = 11.7;
						TestTargetID = 417D66E22504970C00FA19BA;
					};
					417D67032504970F00FA19BA = {
						CreatedOnToolsVersion = 11.7;
						TestTargetID = 417D66E22504970C00FA19BA;
					};
				};
			};
			buildConfigurationList = 417D66DE2504970C00FA19BA /* Build configuration list for PBXProject "MentorBook" */;
			compatibilityVersion = "Xcode 9.3";
			developmentRegion = en;
			hasScannedForEncodings = 0;
			knownRegions = (
				en,
				Base,
			);
			mainGroup = 417D66DA2504970C00FA19BA;
			productRefGroup = 417D66E42504970C00FA19BA /* Products */;
			projectDirPath = "";
			projectRoot = "";
			targets = (
				417D66E22504970C00FA19BA /* MentorBook */,
				417D66F82504970F00FA19BA /* MentorBookTests */,
				417D67032504970F00FA19BA /* MentorBookUITests */,
			);
		};
/* End PBXProject section */

/* Begin PBXResourcesBuildPhase section */
		417D66E12504970C00FA19BA /* Resources */ = {
			isa = PBXResourcesBuildPhase;
			buildActionMask = 2147483647;
			files = (
				417D66F32504970E00FA19BA /* LaunchScreen.storyboard in Resources */,
				417D66F02504970E00FA19BA /* Assets.xcassets in Resources */,
				417D66EE2504970C00FA19BA /* Main.storyboard in Resources */,
			);
			runOnlyForDeploymentPostprocessing = 0;
		};
		417D66F72504970F00FA19BA /* Resources */ = {
			isa = PBXResourcesBuildPhase;
			buildActionMask = 2147483647;
			files = (
			);
			runOnlyForDeploymentPostprocessing = 0;
		};
		417D67022504970F00FA19BA /* Resources */ = {
			isa = PBXResourcesBuildPhase;
			buildActionMask = 2147483647;
			files = (
			);
			runOnlyForDeploymentPostprocessing = 0;
		};
/* End PBXResourcesBuildPhase section */

/* Begin PBXSourcesBuildPhase section */
		417D66DF2504970C00FA19BA /* Sources */ = {
			isa = PBXSourcesBuildPhase;
			buildActionMask = 2147483647;
			files = (
				417D66EB2504970C00FA19BA /* ViewController.swift in Sources */,
				417D66E72504970C00FA19BA /* AppDelegate.swift in Sources */,
				417D66E92504970C00FA19BA /* SceneDelegate.swift in Sources */,
			);
			runOnlyForDeploymentPostprocessing = 0;
		};
		417D66F52504970F00FA19BA /* Sources */ = {
			isa = PBXSourcesBuildPhase;
			buildActionMask = 2147483647;
			files = (
				417D66FE2504970F00FA19BA /* MentorBookTests.swift in Sources */,
			);
			runOnlyForDeploymentPostprocessing = 0;
		};
		417D67002504970F00FA19BA /* Sources */ = {
			isa = PBXSourcesBuildPhase;
			buildActionMask = 2147483647;
			files = (
				417D67092504970F00FA19BA /* MentorBookUITests.swift in Sources */,
			);
			runOnlyForDeploymentPostprocessing = 0;
		};
/* End PBXSourcesBuildPhase section */

/* Begin PBXTargetDependency section */
		417D66FB2504970F00FA19BA /* PBXTargetDependency */ = {
			isa = PBXTargetDependency;
			target = 417D66E22504970C00FA19BA /* MentorBook */;
			targetProxy = 417D66FA2504970F00FA19BA /* PBXContainerItemProxy */;
		};
		417D67062504970F00FA19BA /* PBXTargetDependency */ = {
			isa = PBXTargetDependency;
			target = 417D66E22504970C00FA19BA /* MentorBook */;
			targetProxy = 417D67052504970F00FA19BA /* PBXContainerItemProxy */;
		};
/* End PBXTargetDependency section */

/* Begin PBXVariantGroup section */
		417D66EC2504970C00FA19BA /* Main.storyboard */ = {
			isa = PBXVariantGroup;
			children = (
				417D66ED2504970C00FA19BA /* Base */,
			);
			name = Main.storyboard;
			sourceTree = "<group>";
		};
		417D66F12504970E00FA19BA /* LaunchScreen.storyboard */ = {
			isa = PBXVariantGroup;
			children = (
				417D66F22504970E00FA19BA /* Base */,
			);
			name = LaunchScreen.storyboard;
			sourceTree = "<group>";
		};
/* End PBXVariantGroup section */

/* Begin XCBuildConfiguration section */
		417D670B2504970F00FA19BA /* Debug */ = {
			isa = XCBuildConfiguration;
			buildSettings = {
				ALWAYS_SEARCH_USER_PATHS = NO;
				CLANG_ANALYZER_NONNULL = YES;
				CLANG_ANALYZER_NUMBER_OBJECT_CONVERSION = YES_AGGRESSIVE;
				CLANG_CXX_LANGUAGE_STANDARD = "gnu++14";
				CLANG_CXX_LIBRARY = "libc++";
				CLANG_ENABLE_MODULES = YES;
				CLANG_ENABLE_OBJC_ARC = YES;
				CLANG_ENABLE_OBJC_WEAK = YES;
				CLANG_WARN_BLOCK_CAPTURE_AUTORELEASING = YES;
				CLANG_WARN_BOOL_CONVERSION = YES;
				CLANG_WARN_COMMA = YES;
				CLANG_WARN_CONSTANT_CONVERSION = YES;
				CLANG_WARN_DEPRECATED_OBJC_IMPLEMENTATIONS = YES;
				CLANG_WARN_DIRECT_OBJC_ISA_USAGE = YES_ERROR;
				CLANG_WARN_DOCUMENTATION_COMMENTS = YES;
				CLANG_WARN_EMPTY_BODY = YES;
				CLANG_WARN_ENUM_CONVERSION = YES;
				CLANG_WARN_INFINITE_RECURSION = YES;
				CLANG_WARN_INT_CONVERSION = YES;
				CLANG_WARN_NON_LITERAL_NULL_CONVERSION = YES;
				CLANG_WARN_OBJC_IMPLICIT_RETAIN_SELF = YES;
				CLANG_WARN_OBJC_LITERAL_CONVERSION = YES;
				CLANG_WARN_OBJC_ROOT_CLASS = YES_ERROR;
				CLANG_WARN_RANGE_LOOP_ANALYSIS = YES;
				CLANG_WARN_STRICT_PROTOTYPES = YES;
				CLANG_WARN_SUSPICIOUS_MOVE = YES;
				CLANG_WARN_UNGUARDED_AVAILABILITY = YES_AGGRESSIVE;
				CLANG_WARN_UNREACHABLE_CODE = YES;
				CLANG_WARN__DUPLICATE_METHOD_MATCH = YES;
				COPY_PHASE_STRIP = NO;
				DEBUG_INFORMATION_FORMAT = dwarf;
				ENABLE_STRICT_OBJC_MSGSEND = YES;
				ENABLE_TESTABILITY = YES;
				GCC_C_LANGUAGE_STANDARD = gnu11;
				GCC_DYNAMIC_NO_PIC = NO;
				GCC_NO_COMMON_BLOCKS = YES;
				GCC_OPTIMIZATION_LEVEL = 0;
				GCC_PREPROCESSOR_DEFINITIONS = (
					"DEBUG=1",
					"$(inherited)",
				);
				GCC_WARN_64_TO_32_BIT_CONVERSION = YES;
				GCC_WARN_ABOUT_RETURN_TYPE = YES_ERROR;
				GCC_WARN_UNDECLARED_SELECTOR = YES;
				GCC_WARN_UNINITIALIZED_AUTOS = YES_AGGRESSIVE;
				GCC_WARN_UNUSED_FUNCTION = YES;
				GCC_WARN_UNUSED_VARIABLE = YES;
				IPHONEOS_DEPLOYMENT_TARGET = 13.7;
				MTL_ENABLE_DEBUG_INFO = INCLUDE_SOURCE;
				MTL_FAST_MATH = YES;
				ONLY_ACTIVE_ARCH = YES;
				SDKROOT = iphoneos;
				SWIFT_ACTIVE_COMPILATION_CONDITIONS = DEBUG;
				SWIFT_OPTIMIZATION_LEVEL = "-Onone";
			};
			name = Debug;
		};
		417D670C2504970F00FA19BA /* Release */ = {
			isa = XCBuildConfiguration;
			buildSettings = {
				ALWAYS_SEARCH_USER_PATHS = NO;
				CLANG_ANALYZER_NONNULL = YES;
				CLANG_ANALYZER_NUMBER_OBJECT_CONVERSION = YES_AGGRESSIVE;
				CLANG_CXX_LANGUAGE_STANDARD = "gnu++14";
				CLANG_CXX_LIBRARY = "libc++";
				CLANG_ENABLE_MODULES = YES;
				CLANG_ENABLE_OBJC_ARC = YES;
				CLANG_ENABLE_OBJC_WEAK = YES;
				CLANG_WARN_BLOCK_CAPTURE_AUTORELEASING = YES;
				CLANG_WARN_BOOL_CONVERSION = YES;
				CLANG_WARN_COMMA = YES;
				CLANG_WARN_CONSTANT_CONVERSION = YES;
				CLANG_WARN_DEPRECATED_OBJC_IMPLEMENTATIONS = YES;
				CLANG_WARN_DIRECT_OBJC_ISA_USAGE = YES_ERROR;
				CLANG_WARN_DOCUMENTATION_COMMENTS = YES;
				CLANG_WARN_EMPTY_BODY = YES;
				CLANG_WARN_ENUM_CONVERSION = YES;
				CLANG_WARN_INFINITE_RECURSION = YES;
				CLANG_WARN_INT_CONVERSION = YES;
				CLANG_WARN_NON_LITERAL_NULL_CONVERSION = YES;
				CLANG_WARN_OBJC_IMPLICIT_RETAIN_SELF = YES;
				CLANG_WARN_OBJC_LITERAL_CONVERSION = YES;
				CLANG_WARN_OBJC_ROOT_CLASS = YES_ERROR;
				CLANG_WARN_RANGE_LOOP_ANALYSIS = YES;
				CLANG_WARN_STRICT_PROTOTYPES = YES;
				CLANG_WARN_SUSPICIOUS_MOVE = YES;
				CLANG_WARN_UNGUARDED_AVAILABILITY = YES_AGGRESSIVE;
				CLANG_WARN_UNREACHABLE_CODE = YES;
				CLANG_WARN__DUPLICATE_METHOD_MATCH = YES;
				COPY_PHASE_STRIP = NO;
				DEBUG_INFORMATION_FORMAT = "dwarf-with-dsym";
				ENABLE_NS_ASSERTIONS = NO;
				ENABLE_STRICT_OBJC_MSGSEND = YES;
				GCC_C_LANGUAGE_STANDARD = gnu11;
				GCC_NO_COMMON_BLOCKS = YES;
				GCC_WARN_64_TO_32_BIT_CONVERSION = YES;
				GCC_WARN_ABOUT_RETURN_TYPE = YES_ERROR;
				GCC_WARN_UNDECLARED_SELECTOR = YES;
				GCC_WARN_UNINITIALIZED_AUTOS = YES_AGGRESSIVE;
				GCC_WARN_UNUSED_FUNCTION = YES;
				GCC_WARN_UNUSED_VARIABLE = YES;
				IPHONEOS_DEPLOYMENT_TARGET = 13.7;
				MTL_ENABLE_DEBUG_INFO = NO;
				MTL_FAST_MATH = YES;
				SDKROOT = iphoneos;
				SWIFT_COMPILATION_MODE = wholemodule;
				SWIFT_OPTIMIZATION_LEVEL = "-O";
				VALIDATE_PRODUCT = YES;
			};
			name = Release;
		};
		417D670E2504970F00FA19BA /* Debug */ = {
			isa = XCBuildConfiguration;
			buildSettings = {
				ASSETCATALOG_COMPILER_APPICON_NAME = AppIcon;
				CODE_SIGN_STYLE = Automatic;
				INFOPLIST_FILE = MentorBook/Info.plist;
				LD_RUNPATH_SEARCH_PATHS = (
					"$(inherited)",
					"@executable_path/Frameworks",
				);
				PRODUCT_BUNDLE_IDENTIFIER = app.ido.umi.MentorBook;
				PRODUCT_NAME = "$(TARGET_NAME)";
				SWIFT_VERSION = 5.0;
				TARGETED_DEVICE_FAMILY = "1,2";
			};
			name = Debug;
		};
		417D670F2504970F00FA19BA /* Release */ = {
			isa = XCBuildConfiguration;
			buildSettings = {
				ASSETCATALOG_COMPILER_APPICON_NAME = AppIcon;
				CODE_SIGN_STYLE = Automatic;
				INFOPLIST_FILE = MentorBook/Info.plist;
				LD_RUNPATH_SEARCH_PATHS = (
					"$(inherited)",
					"@executable_path/Frameworks",
				);
				PRODUCT_BUNDLE_IDENTIFIER = app.ido.umi.MentorBook;
				PRODUCT_NAME = "$(TARGET_NAME)";
				SWIFT_VERSION = 5.0;
				TARGETED_DEVICE_FAMILY = "1,2";
			};
			name = Release;
		};
		417D67112504970F00FA19BA /* Debug */ = {
			isa = XCBuildConfiguration;
			buildSettings = {
				ALWAYS_EMBED_SWIFT_STANDARD_LIBRARIES = YES;
				BUNDLE_LOADER = "$(TEST_HOST)";
				CODE_SIGN_STYLE = Automatic;
				INFOPLIST_FILE = MentorBookTests/Info.plist;
				IPHONEOS_DEPLOYMENT_TARGET = 13.7;
				LD_RUNPATH_SEARCH_PATHS = (
					"$(inherited)",
					"@executable_path/Frameworks",
					"@loader_path/Frameworks",
				);
				PRODUCT_BUNDLE_IDENTIFIER = app.ido.umi.MentorBookTests;
				PRODUCT_NAME = "$(TARGET_NAME)";
				SWIFT_VERSION = 5.0;
				TARGETED_DEVICE_FAMILY = "1,2";
				TEST_HOST = "$(BUILT_PRODUCTS_DIR)/MentorBook.app/MentorBook";
			};
			name = Debug;
		};
		417D67122504970F00FA19BA /* Release */ = {
			isa = XCBuildConfiguration;
			buildSettings = {
				ALWAYS_EMBED_SWIFT_STANDARD_LIBRARIES = YES;
				BUNDLE_LOADER = "$(TEST_HOST)";
				CODE_SIGN_STYLE = Automatic;
				INFOPLIST_FILE = MentorBookTests/Info.plist;
				IPHONEOS_DEPLOYMENT_TARGET = 13.7;
				LD_RUNPATH_SEARCH_PATHS = (
					"$(inherited)",
					"@executable_path/Frameworks",
					"@loader_path/Frameworks",
				);
				PRODUCT_BUNDLE_IDENTIFIER = app.ido.umi.MentorBookTests;
				PRODUCT_NAME = "$(TARGET_NAME)";
				SWIFT_VERSION = 5.0;
				TARGETED_DEVICE_FAMILY = "1,2";
				TEST_HOST = "$(BUILT_PRODUCTS_DIR)/MentorBook.app/MentorBook";
			};
			name = Release;
		};
		417D67142504970F00FA19BA /* Debug */ = {
			isa = XCBuildConfiguration;
			buildSettings = {
				ALWAYS_EMBED_SWIFT_STANDARD_LIBRARIES = YES;
				CODE_SIGN_STYLE = Automatic;
				INFOPLIST_FILE = MentorBookUITests/Info.plist;
				LD_RUNPATH_SEARCH_PATHS = (
					"$(inherited)",
					"@executable_path/Frameworks",
					"@loader_path/Frameworks",
				);
				PRODUCT_BUNDLE_IDENTIFIER = app.ido.umi.MentorBookUITests;
				PRODUCT_NAME = "$(TARGET_NAME)";
				SWIFT_VERSION = 5.0;
				TARGETED_DEVICE_FAMILY = "1,2";
				TEST_TARGET_NAME = MentorBook;
			};
			name = Debug;
		};
		417D67152504970F00FA19BA /* Release */ = {
			isa = XCBuildConfiguration;
			buildSettings = {
				ALWAYS_EMBED_SWIFT_STANDARD_LIBRARIES = YES;
				CODE_SIGN_STYLE = Automatic;
				INFOPLIST_FILE = MentorBookUITests/Info.plist;
				LD_RUNPATH_SEARCH_PATHS = (
					"$(inherited)",
					"@executable_path/Frameworks",
					"@loader_path/Frameworks",
				);
				PRODUCT_BUNDLE_IDENTIFIER = app.ido.umi.MentorBookUITests;
				PRODUCT_NAME = "$(TARGET_NAME)";
				SWIFT_VERSION = 5.0;
				TARGETED_DEVICE_FAMILY = "1,2";
				TEST_TARGET_NAME = MentorBook;
			};
			name = Release;
		};
/* End XCBuildConfiguration section */

/* Begin XCConfigurationList section */
		417D66DE2504970C00FA19BA /* Build configuration list for PBXProject "MentorBook" */ = {
			isa = XCConfigurationList;
			buildConfigurations = (
				417D670B2504970F00FA19BA /* Debug */,
				417D670C2504970F00FA19BA /* Release */,
			);
			defaultConfigurationIsVisible = 0;
			defaultConfigurationName = Release;
		};
		417D670D2504970F00FA19BA /* Build configuration list for PBXNativeTarget "MentorBook" */ = {
			isa = XCConfigurationList;
			buildConfigurations = (
				417D670E2504970F00FA19BA /* Debug */,
				417D670F2504970F00FA19BA /* Release */,
			);
			defaultConfigurationIsVisible = 0;
			defaultConfigurationName = Release;
		};
		417D67102504970F00FA19BA /* Build configuration list for PBXNativeTarget "MentorBookTests" */ = {
			isa = XCConfigurationList;
			buildConfigurations = (
				417D67112504970F00FA19BA /* Debug */,
				417D67122504970F00FA19BA /* Release */,
			);
			defaultConfigurationIsVisible = 0;
			defaultConfigurationName = Release;
		};
		417D67132504970F00FA19BA /* Build configuration list for PBXNativeTarget "MentorBookUITests" */ = {
			isa = XCConfigurationList;
			buildConfigurations = (
				417D67142504970F00FA19BA /* Debug */,
				417D67152504970F00FA19BA /* Release */,
			);
			defaultConfigurationIsVisible = 0;
			defaultConfigurationName = Release;
		};
/* End XCConfigurationList section */
	};
	rootObject = 417D66DB2504970C00FA19BA /* Project object */;
}
